
Microsoft Visual Studio Solution File, Format Version 12.00
# Visual Studio Version 17
VisualStudioVersion = 17.8.34004.107
MinimumVisualStudioVersion = 10.0.40219.1
Project("{9A19103F-16F7-4668-BE54-9A1E7A4F7556}") = "Files.Api", "Files.Api\Files.Api.csproj", "{709267D9-04D3-4B86-B28C-221EB154EF71}"
EndProject
Project("{FAE04EC0-301F-11D3-BF4B-00C04F79EFBC}") = "Files.Api.TestHost", "Files.Api.TestHost\Files.Api.TestHost.csproj", "{28402FB0-C27E-447F-8AF2-3A4BD605D33A}"
EndProject
Global
	GlobalSection(SolutionConfigurationPlatforms) = preSolution
		Debug|Any CPU = Debug|Any CPU
		Release|Any CPU = Release|Any CPU
	EndGlobalSection
	GlobalSection(ProjectConfigurationPlatforms) = postSolution
		{709267D9-04D3-4B86-B28C-221EB154EF71}.Debug|Any CPU.ActiveCfg = Debug|Any CPU
		{709267D9-04D3-4B86-B28C-221EB154EF71}.Debug|Any CPU.Build.0 = Debug|Any CPU
		{709267D9-04D3-4B86-B28C-221EB154EF71}.Release|Any CPU.ActiveCfg = Release|Any CPU
		{709267D9-04D3-4B86-B28C-221EB154EF71}.Release|Any CPU.Build.0 = Release|Any CPU
		{28402FB0-C27E-447F-8AF2-3A4BD605D33A}.Debug|Any CPU.ActiveCfg = Debug|Any CPU
		{28402FB0-C27E-447F-8AF2-3A4BD605D33A}.Debug|Any CPU.Build.0 = Debug|Any CPU
		{28402FB0-C27E-447F-8AF2-3A4BD605D33A}.Release|Any CPU.ActiveCfg = Release|Any CPU
		{28402FB0-C27E-447F-8AF2-3A4BD605D33A}.Release|Any CPU.Build.0 = Release|Any CPU
	EndGlobalSection
	GlobalSection(SolutionProperties) = preSolution
		HideSolutionNode = FALSE
	EndGlobalSection
	GlobalSection(ExtensibilityGlobals) = postSolution
		SolutionGuid = {BD73BA35-AC5B-40DC-9F72-0FC3F5FB3FA9}
	EndGlobalSection
EndGlobal
